
Microsoft Visual Studio Solution File, Format Version 12.00
# Visual Studio Version 17
VisualStudioVersion = 17.11.35219.272
MinimumVisualStudioVersion = 10.0.40219.1
Project("{FAE04EC0-301F-11D3-BF4B-00C04F79EFBC}") = "NewsService", "NewsService\NewsService.csproj", "{D90CAD8C-9DF7-4064-86F7-115DA7CA8C77}"
EndProject
Global
	GlobalSection(SolutionConfigurationPlatforms) = preSolution
		Debug|Any CPU = Debug|Any CPU
		Release|Any CPU = Release|Any CPU
	EndGlobalSection
	GlobalSection(ProjectConfigurationPlatforms) = postSolution
		{D90CAD8C-9DF7-4064-86F7-115DA7CA8C77}.Debug|Any CPU.ActiveCfg = Debug|Any CPU
		{D90CAD8C-9DF7-4064-86F7-115DA7CA8C77}.Debug|Any CPU.Build.0 = Debug|Any CPU
		{D90CAD8C-9DF7-4064-86F7-115DA7CA8C77}.Release|Any CPU.ActiveCfg = Release|Any CPU
		{D90CAD8C-9DF7-4064-86F7-115DA7CA8C77}.Release|Any CPU.Build.0 = Release|Any CPU
	EndGlobalSection
	GlobalSection(SolutionProperties) = preSolution
		HideSolutionNode = FALSE
	EndGlobalSection
	GlobalSection(ExtensibilityGlobals) = postSolution
		SolutionGuid = {D972FFAF-A05B-4737-8E1C-1A403E2CC936}
	EndGlobalSection
EndGlobal
